
Microsoft Visual Studio Solution File, Format Version 12.00
# Visual Studio Version 17
VisualStudioVersion = 17.0.31717.71
MinimumVisualStudioVersion = 10.0.40219.1
Project("{9A19103F-16F7-4668-BE54-9A1E7A4F7556}") = "nfzf", "nfzf\nfzf.csproj", "{E4249A47-B9D5-4DDF-85E7-6B2E61FE65A9}"
EndProject
Project("{9A19103F-16F7-4668-BE54-9A1E7A4F7556}") = "nfzf.Tests", "nfzf.Tests\nfzf.Tests.csproj", "{66D8FCB5-4BC9-48C8-BB2E-99C035E07DC9}"
EndProject
Project("{2150E333-8FDC-42A3-9474-1A3956D46DE8}") = "Solution Items", "Solution Items", "{F4684467-04C9-4353-BC10-83999C0CCE71}"
	ProjectSection(SolutionItems) = preProject
		.github\workflows\build-and-test.yml = .github\workflows\build-and-test.yml
		README.md = README.md
	EndProjectSection
EndProject
Project("{FAE04EC0-301F-11D3-BF4B-00C04F79EFBC}") = "nfzf.Cli", "nfzf.Cli\nfzf.Cli.csproj", "{0DB2F44D-4BEF-41E6-8FFD-F427027D4419}"
EndProject
Global
	GlobalSection(SolutionConfigurationPlatforms) = preSolution
		Debug|Any CPU = Debug|Any CPU
		Release|Any CPU = Release|Any CPU
	EndGlobalSection
	GlobalSection(ProjectConfigurationPlatforms) = postSolution
		{E4249A47-B9D5-4DDF-85E7-6B2E61FE65A9}.Debug|Any CPU.ActiveCfg = Debug|Any CPU
		{E4249A47-B9D5-4DDF-85E7-6B2E61FE65A9}.Debug|Any CPU.Build.0 = Debug|Any CPU
		{E4249A47-B9D5-4DDF-85E7-6B2E61FE65A9}.Release|Any CPU.ActiveCfg = Release|Any CPU
		{E4249A47-B9D5-4DDF-85E7-6B2E61FE65A9}.Release|Any CPU.Build.0 = Release|Any CPU
		{66D8FCB5-4BC9-48C8-BB2E-99C035E07DC9}.Debug|Any CPU.ActiveCfg = Debug|Any CPU
		{66D8FCB5-4BC9-48C8-BB2E-99C035E07DC9}.Debug|Any CPU.Build.0 = Debug|Any CPU
		{66D8FCB5-4BC9-48C8-BB2E-99C035E07DC9}.Release|Any CPU.ActiveCfg = Release|Any CPU
		{66D8FCB5-4BC9-48C8-BB2E-99C035E07DC9}.Release|Any CPU.Build.0 = Release|Any CPU
		{0DB2F44D-4BEF-41E6-8FFD-F427027D4419}.Debug|Any CPU.ActiveCfg = Debug|Any CPU
		{0DB2F44D-4BEF-41E6-8FFD-F427027D4419}.Debug|Any CPU.Build.0 = Debug|Any CPU
		{0DB2F44D-4BEF-41E6-8FFD-F427027D4419}.Release|Any CPU.ActiveCfg = Release|Any CPU
		{0DB2F44D-4BEF-41E6-8FFD-F427027D4419}.Release|Any CPU.Build.0 = Release|Any CPU
	EndGlobalSection
	GlobalSection(SolutionProperties) = preSolution
		HideSolutionNode = FALSE
	EndGlobalSection
	GlobalSection(ExtensibilityGlobals) = postSolution
		SolutionGuid = {5618841F-AA5F-4917-A6EC-EBE79CBE21D0}
	EndGlobalSection
EndGlobal
